<?xml version="1.0" encoding="utf-8"?>
<Project ToolsVersion="4.0" xmlns="http://schemas.microsoft.com/developer/msbuild/2003">
  <ItemGroup>
    <Filter Include="Source Files">
      <UniqueIdentifier>{4FC737F1-C7A5-4376-A066-2A32D752A2FF}</UniqueIdentifier>
      <Extensions>cpp;c;cc;cxx;def;odl;idl;hpj;bat;asm;asmx</Extensions>
    </Filter>
    <Filter Include="Header Files">
      <UniqueIdentifier>{93995380-89BD-4b04-88EB-625FBE52EBFB}</UniqueIdentifier>
      <Extensions>h;hpp;hxx;hm;inl;inc;xsd</Extensions>
    </Filter>
  </ItemGroup>
  <ItemGroup>
    <ClCompile Include="main.cpp">
      <Filter>Source Files</Filter>
    </ClCompile>
    <ClCompile Include="..\UniPrint\print_basic.cpp">
      <Filter>Source Files</Filter>
    </ClCompile>
    <ClCompile Include="..\UniPrint\print_HuffChar.cpp">
      <Filter>Source Files</Filter>
    </ClCompile>
  </ItemGroup>
  <ItemGroup>
    <ClInclude Include="BinNode.h">
      <Filter>Header Files</Filter>
    </ClInclude>
    <ClInclude Include="BinNode_implementation.h">
      <Filter>Header Files</Filter>
    </ClInclude>
    <ClInclude Include="BinNode_insert.h">
      <Filter>Header Files</Filter>
    </ClInclude>
    <ClInclude Include="BinNode_macro.h">
      <Filter>Header Files</Filter>
    </ClInclude>
    <ClInclude Include="BinNode_macro_AVL.h">
      <Filter>Header Files</Filter>
    </ClInclude>
    <ClInclude Include="BinNode_macro_BASIC.h">
      <Filter>Header Files</Filter>
    </ClInclude>
    <ClInclude Include="BinNode_macro_RedBlack.h">
      <Filter>Header Files</Filter>
    </ClInclude>
    <ClInclude Include="BinNode_size.h">
      <Filter>Header Files</Filter>
    </ClInclude>
    <ClInclude Include="BinNode_stretchByZag.h">
      <Filter>Header Files</Filter>
    </ClInclude>
    <ClInclude Include="BinNode_stretchByZig.h">
      <Filter>Header Files</Filter>
    </ClInclude>
    <ClInclude Include="BinNode_succ.h">
      <Filter>Header Files</Filter>
    </ClInclude>
    <ClInclude Include="BinNode_travInorder.h">
      <Filter>Header Files</Filter>
    </ClInclude>
    <ClInclude Include="BinNode_TravInorder_I1.h">
      <Filter>Header Files</Filter>
    </ClInclude>
    <ClInclude Include="BinNode_TravInorder_I2.h">
      <Filter>Header Files</Filter>
    </ClInclude>
    <ClInclude Include="BinNode_TravInorder_I3.h">
      <Filter>Header Files</Filter>
    </ClInclude>
    <ClInclude Include="BinNode_TravInorder_I4.h">
      <Filter>Header Files</Filter>
    </ClInclude>
    <ClInclude Include="BinNode_travInorder_R.h">
      <Filter>Header Files</Filter>
    </ClInclude>
    <ClInclude Include="BinNode_travLevel.h">
      <Filter>Header Files</Filter>
    </ClInclude>
    <ClInclude Include="BinNode_travPostorder.h">
      <Filter>Header Files</Filter>
    </ClInclude>
    <ClInclude Include="BinNode_travPostorder_I.h">
      <Filter>Header Files</Filter>
    </ClInclude>
    <ClInclude Include="BinNode_travPostorder_R.h">
      <Filter>Header Files</Filter>
    </ClInclude>
    <ClInclude Include="BinNode_travPreorder.h">
      <Filter>Header Files</Filter>
    </ClInclude>
    <ClInclude Include="BinNode_TravPreorder_I1.h">
      <Filter>Header Files</Filter>
    </ClInclude>
    <ClInclude Include="BinNode_TravPreorder_I2.h">
      <Filter>Header Files</Filter>
    </ClInclude>
    <ClInclude Include="BinNode_travPreorder_R.h">
      <Filter>Header Files</Filter>
    </ClInclude>
    <ClInclude Include="BinNode_zag.h">
      <Filter>Header Files</Filter>
    </ClInclude>
    <ClInclude Include="BinNode_zig.h">
      <Filter>Header Files</Filter>
    </ClInclude>
    <ClInclude Include="BinTree.h">
      <Filter>Header Files</Filter>
    </ClInclude>
    <ClInclude Include="BinTree_attach.h">
      <Filter>Header Files</Filter>
    </ClInclude>
    <ClInclude Include="BinTree_implementation.h">
      <Filter>Header Files</Filter>
    </ClInclude>
    <ClInclude Include="BinTree_insert.h">
      <Filter>Header Files</Filter>
    </ClInclude>
    <ClInclude Include="BinTree_remove.h">
      <Filter>Header Files</Filter>
    </ClInclude>
    <ClInclude Include="BinTree_secede.h">
      <Filter>Header Files</Filter>
    </ClInclude>
    <ClInclude Include="BinTree_size.h">
      <Filter>Header Files</Filter>
    </ClInclude>
    <ClInclude Include="BinTree_test.h">
      <Filter>Header Files</Filter>
    </ClInclude>
    <ClInclude Include="BinTree_updateHeight.h">
      <Filter>Header Files</Filter>
    </ClInclude>
    <ClInclude Include="..\_share\comparator.h">
      <Filter>Header Files</Filter>
    </ClInclude>
    <ClInclude Include="..\_share\double_Elem.h">
      <Filter>Header Files</Filter>
    </ClInclude>
    <ClInclude Include="..\_share\Hailstone_Elem.h">
      <Filter>Header Files</Filter>
    </ClInclude>
    <ClInclude Include="..\_share\increase_Elem.h">
      <Filter>Header Files</Filter>
    </ClInclude>
  </ItemGroup>
</Project>