<?xml version="1.0" encoding="utf-8"?>
<Project ToolsVersion="4.0" xmlns="http://schemas.microsoft.com/developer/msbuild/2003">
  <ItemGroup>
    <Filter Include="Source Files">
      <UniqueIdentifier>{5e9e670b-d41d-465d-81a6-48f0acdb4967}</UniqueIdentifier>
      <Extensions>cpp;c;cxx;rc;def;r;odl;idl;hpj;bat</Extensions>
    </Filter>
    <Filter Include="Header Files">
      <UniqueIdentifier>{961d5726-848d-487b-8f53-134df6241774}</UniqueIdentifier>
      <Extensions>h;hpp;hxx;hm;inl</Extensions>
    </Filter>
  </ItemGroup>
  <ItemGroup>
    <ClCompile Include="main.cpp">
      <Filter>Source Files</Filter>
    </ClCompile>
    <ClCompile Include="..\UniPrint\print_int_array.cpp">
      <Filter>Source Files</Filter>
    </ClCompile>
    <ClCompile Include="..\reverse\reverse-iterative-1.cpp">
      <Filter>Source Files</Filter>
    </ClCompile>
    <ClCompile Include="..\reverse\reverse.cpp">
      <Filter>Source Files</Filter>
    </ClCompile>
    <ClCompile Include="..\random\Shuffle.cpp">
      <Filter>Source Files</Filter>
    </ClCompile>
    <ClCompile Include="sum0.cpp">
      <Filter>Source Files</Filter>
    </ClCompile>
    <ClCompile Include="sum1.cpp">
      <Filter>Source Files</Filter>
    </ClCompile>
    <ClCompile Include="sum2.cpp">
      <Filter>Source Files</Filter>
    </ClCompile>
  </ItemGroup>
  <ItemGroup>
    <ClInclude Include="..\UniPrint\print_int_array.h">
      <Filter>Header Files</Filter>
    </ClInclude>
    <ClInclude Include="..\reverse\reverse.h">
      <Filter>Header Files</Filter>
    </ClInclude>
    <ClInclude Include="..\random\Shuffle.h">
      <Filter>Header Files</Filter>
    </ClInclude>
    <ClInclude Include="sum.h">
      <Filter>Header Files</Filter>
    </ClInclude>
  </ItemGroup>
</Project>