<?xml version="1.0" encoding="utf-8"?>
<Project ToolsVersion="4.0" xmlns="http://schemas.microsoft.com/developer/msbuild/2003">
  <ItemGroup>
    <Filter Include="Source Files">
      <UniqueIdentifier>{b6bc52c9-1731-421e-adc6-1c025e58a9d7}</UniqueIdentifier>
      <Extensions>cpp;c;cxx;rc;def;r;odl;idl;hpj;bat</Extensions>
    </Filter>
    <Filter Include="Header Files">
      <UniqueIdentifier>{6366dea6-55e7-41f1-baf8-312d3bdf611f}</UniqueIdentifier>
      <Extensions>h;hpp;hxx;hm;inl</Extensions>
    </Filter>
  </ItemGroup>
  <ItemGroup>
    <ClCompile Include="display.cpp">
      <Filter>Source Files</Filter>
    </ClCompile>
    <ClCompile Include="..\nest_stack\main.cpp">
      <Filter>Source Files</Filter>
    </ClCompile>
    <ClCompile Include="nest.cpp">
      <Filter>Source Files</Filter>
    </ClCompile>
    <ClCompile Include="..\UniPrint\print_basic.cpp">
      <Filter>Source Files</Filter>
    </ClCompile>
  </ItemGroup>
  <ItemGroup>
    <ClInclude Include="..\nest_stack\nest.h">
      <Filter>Header Files</Filter>
    </ClInclude>
  </ItemGroup>
</Project>